// !$*UTF8*$!
{
	archiveVersion = 1;
	classes = {
	};
	objectVersion = 48;
	objects = {

/* Begin PBXBuildFile section */
		5D4D9B67204B15E600F869F1 /* AppDelegate.swift in Sources */ = {isa = PBXBuildFile; fileRef = 5D4D9B66204B15E600F869F1 /* AppDelegate.swift */; };
		5D4D9B69204B15E600F869F1 /* ViewController.swift in Sources */ = {isa = PBXBuildFile; fileRef = 5D4D9B68204B15E600F869F1 /* ViewController.swift */; };
		5D4D9B6C204B15E600F869F1 /* Main.storyboard in Resources */ = {isa = PBXBuildFile; fileRef = 5D4D9B6A204B15E600F869F1 /* Main.storyboard */; };
		5D4D9B6E204B15E600F869F1 /* Assets.xcassets in Resources */ = {isa = PBXBuildFile; fileRef = 5D4D9B6D204B15E600F869F1 /* Assets.xcassets */; };
		5D4D9B71204B15E600F869F1 /* LaunchScreen.storyboard in Resources */ = {isa = PBXBuildFile; fileRef = 5D4D9B6F204B15E600F869F1 /* LaunchScreen.storyboard */; };
		5D4D9B79204B164700F869F1 /* Lesson.swift in Sources */ = {isa = PBXBuildFile; fileRef = 5D4D9B78204B164700F869F1 /* Lesson.swift */; };
		5D4D9B7B204B22CC00F869F1 /* User.swift in Sources */ = {isa = PBXBuildFile; fileRef = 5D4D9B7A204B22CC00F869F1 /* User.swift */; };
		5D4D9B7D204B23ED00F869F1 /* TanuGotchi.swift in Sources */ = {isa = PBXBuildFile; fileRef = 5D4D9B7C204B23ED00F869F1 /* TanuGotchi.swift */; };
		5D4D9B7F204B26D200F869F1 /* LessonsTableViewController.swift in Sources */ = {isa = PBXBuildFile; fileRef = 5D4D9B7E204B26D200F869F1 /* LessonsTableViewController.swift */; };
		5D4D9B81204DA0A800F869F1 /* ToDoListTableViewController.swift in Sources */ = {isa = PBXBuildFile; fileRef = 5D4D9B80204DA0A800F869F1 /* ToDoListTableViewController.swift */; };
		5DACB9CF2056E37D0061ACA1 /* LessonTableViewCell.swift in Sources */ = {isa = PBXBuildFile; fileRef = 5DACB9CE2056E37D0061ACA1 /* LessonTableViewCell.swift */; };
/* End PBXBuildFile section */

/* Begin PBXFileReference section */
		5D4D9B63204B15E600F869F1 /* TanuGotchi.app */ = {isa = PBXFileReference; explicitFileType = wrapper.application; includeInIndex = 0; path = TanuGotchi.app; sourceTree = BUILT_PRODUCTS_DIR; };
		5D4D9B66204B15E600F869F1 /* AppDelegate.swift */ = {isa = PBXFileReference; lastKnownFileType = sourcecode.swift; path = AppDelegate.swift; sourceTree = "<group>"; };
		5D4D9B68204B15E600F869F1 /* ViewController.swift */ = {isa = PBXFileReference; lastKnownFileType = sourcecode.swift; path = ViewController.swift; sourceTree = "<group>"; };
		5D4D9B6B204B15E600F869F1 /* Base */ = {isa = PBXFileReference; lastKnownFileType = file.storyboard; name = Base; path = Base.lproj/Main.storyboard; sourceTree = "<group>"; };
		5D4D9B6D204B15E600F869F1 /* Assets.xcassets */ = {isa = PBXFileReference; lastKnownFileType = folder.assetcatalog; path = Assets.xcassets; sourceTree = "<group>"; };
		5D4D9B70204B15E600F869F1 /* Base */ = {isa = PBXFileReference; lastKnownFileType = file.storyboard; name = Base; path = Base.lproj/LaunchScreen.storyboard; sourceTree = "<group>"; };
		5D4D9B72204B15E600F869F1 /* Info.plist */ = {isa = PBXFileReference; lastKnownFileType = text.plist.xml; path = Info.plist; sourceTree = "<group>"; };
		5D4D9B78204B164700F869F1 /* Lesson.swift */ = {isa = PBXFileReference; lastKnownFileType = sourcecode.swift; path = Lesson.swift; sourceTree = "<group>"; };
		5D4D9B7A204B22CC00F869F1 /* User.swift */ = {isa = PBXFileReference; lastKnownFileType = sourcecode.swift; path = User.swift; sourceTree = "<group>"; };
		5D4D9B7C204B23ED00F869F1 /* TanuGotchi.swift */ = {isa = PBXFileReference; lastKnownFileType = sourcecode.swift; path = TanuGotchi.swift; sourceTree = "<group>"; };
		5D4D9B7E204B26D200F869F1 /* LessonsTableViewController.swift */ = {isa = PBXFileReference; lastKnownFileType = sourcecode.swift; path = LessonsTableViewController.swift; sourceTree = "<group>"; };
		5D4D9B80204DA0A800F869F1 /* ToDoListTableViewController.swift */ = {isa = PBXFileReference; lastKnownFileType = sourcecode.swift; path = ToDoListTableViewController.swift; sourceTree = "<group>"; };
		5DACB9CE2056E37D0061ACA1 /* LessonTableViewCell.swift */ = {isa = PBXFileReference; lastKnownFileType = sourcecode.swift; path = LessonTableViewCell.swift; sourceTree = "<group>"; };
/* End PBXFileReference section */

/* Begin PBXFrameworksBuildPhase section */
		5D4D9B60204B15E600F869F1 /* Frameworks */ = {
			isa = PBXFrameworksBuildPhase;
			buildActionMask = 2147483647;
			files = (
			);
			runOnlyForDeploymentPostprocessing = 0;
		};
/* End PBXFrameworksBuildPhase section */

/* Begin PBXGroup section */
		5D4D9B5A204B15E600F869F1 = {
			isa = PBXGroup;
			children = (
				5D4D9B65204B15E600F869F1 /* TanuGotchi */,
				5D4D9B64204B15E600F869F1 /* Products */,
			);
			sourceTree = "<group>";
		};
		5D4D9B64204B15E600F869F1 /* Products */ = {
			isa = PBXGroup;
			children = (
				5D4D9B63204B15E600F869F1 /* TanuGotchi.app */,
			);
			name = Products;
			sourceTree = "<group>";
		};
		5D4D9B65204B15E600F869F1 /* TanuGotchi */ = {
			isa = PBXGroup;
			children = (
				5D4D9B66204B15E600F869F1 /* AppDelegate.swift */,
				5D4D9B68204B15E600F869F1 /* ViewController.swift */,
				5D4D9B6A204B15E600F869F1 /* Main.storyboard */,
				5D4D9B6D204B15E600F869F1 /* Assets.xcassets */,
				5D4D9B6F204B15E600F869F1 /* LaunchScreen.storyboard */,
				5D4D9B72204B15E600F869F1 /* Info.plist */,
				5D4D9B78204B164700F869F1 /* Lesson.swift */,
				5D4D9B7A204B22CC00F869F1 /* User.swift */,
				5D4D9B7C204B23ED00F869F1 /* TanuGotchi.swift */,
				5D4D9B7E204B26D200F869F1 /* LessonsTableViewController.swift */,
				5DACB9CE2056E37D0061ACA1 /* LessonTableViewCell.swift */,
				5D4D9B80204DA0A800F869F1 /* ToDoListTableViewController.swift */,
			);
			path = TanuGotchi;
			sourceTree = "<group>";
		};
/* End PBXGroup section */

/* Begin PBXNativeTarget section */
		5D4D9B62204B15E600F869F1 /* TanuGotchi */ = {
			isa = PBXNativeTarget;
			buildConfigurationList = 5D4D9B75204B15E600F869F1 /* Build configuration list for PBXNativeTarget "TanuGotchi" */;
			buildPhases = (
				5D4D9B5F204B15E600F869F1 /* Sources */,
				5D4D9B60204B15E600F869F1 /* Frameworks */,
				5D4D9B61204B15E600F869F1 /* Resources */,
			);
			buildRules = (
			);
			dependencies = (
			);
			name = TanuGotchi;
			productName = TanuGotchi;
			productReference = 5D4D9B63204B15E600F869F1 /* TanuGotchi.app */;
			productType = "com.apple.product-type.application";
		};
/* End PBXNativeTarget section */

/* Begin PBXProject section */
		5D4D9B5B204B15E600F869F1 /* Project object */ = {
			isa = PBXProject;
			attributes = {
				LastSwiftUpdateCheck = 0920;
				LastUpgradeCheck = 0920;
				ORGANIZATIONNAME = "Kalcsevszki Regina";
				TargetAttributes = {
					5D4D9B62204B15E600F869F1 = {
						CreatedOnToolsVersion = 9.2;
						ProvisioningStyle = Automatic;
					};
				};
			};
			buildConfigurationList = 5D4D9B5E204B15E600F869F1 /* Build configuration list for PBXProject "TanuGotchi" */;
			compatibilityVersion = "Xcode 8.0";
			developmentRegion = en;
			hasScannedForEncodings = 0;
			knownRegions = (
				en,
				Base,
			);
			mainGroup = 5D4D9B5A204B15E600F869F1;
			productRefGroup = 5D4D9B64204B15E600F869F1 /* Products */;
			projectDirPath = "";
			projectRoot = "";
			targets = (
				5D4D9B62204B15E600F869F1 /* TanuGotchi */,
			);
		};
/* End PBXProject section */

/* Begin PBXResourcesBuildPhase section */
		5D4D9B61204B15E600F869F1 /* Resources */ = {
			isa = PBXResourcesBuildPhase;
			buildActionMask = 2147483647;
			files = (
				5D4D9B71204B15E600F869F1 /* LaunchScreen.storyboard in Resources */,
				5D4D9B6E204B15E600F869F1 /* Assets.xcassets in Resources */,
				5D4D9B6C204B15E600F869F1 /* Main.storyboard in Resources */,
			);
			runOnlyForDeploymentPostprocessing = 0;
		};
/* End PBXResourcesBuildPhase section */

/* Begin PBXSourcesBuildPhase section */
		5D4D9B5F204B15E600F869F1 /* Sources */ = {
			isa = PBXSourcesBuildPhase;
			buildActionMask = 2147483647;
			files = (
				5D4D9B81204DA0A800F869F1 /* ToDoListTableViewController.swift in Sources */,
				5D4D9B7F204B26D200F869F1 /* LessonsTableViewController.swift in Sources */,
				5D4D9B7B204B22CC00F869F1 /* User.swift in Sources */,
				5DACB9CF2056E37D0061ACA1 /* LessonTableViewCell.swift in Sources */,
				5D4D9B79204B164700F869F1 /* Lesson.swift in Sources */,
				5D4D9B69204B15E600F869F1 /* ViewController.swift in Sources */,
				5D4D9B7D204B23ED00F869F1 /* TanuGotchi.swift in Sources */,
				5D4D9B67204B15E600F869F1 /* AppDelegate.swift in Sources */,
			);
			runOnlyForDeploymentPostprocessing = 0;
		};
/* End PBXSourcesBuildPhase section */

/* Begin PBXVariantGroup section */
		5D4D9B6A204B15E600F869F1 /* Main.storyboard */ = {
			isa = PBXVariantGroup;
			children = (
				5D4D9B6B204B15E600F869F1 /* Base */,
			);
			name = Main.storyboard;
			sourceTree = "<group>";
		};
		5D4D9B6F204B15E600F869F1 /* LaunchScreen.storyboard */ = {
			isa = PBXVariantGroup;
			children = (
				5D4D9B70204B15E600F869F1 /* Base */,
			);
			name = LaunchScreen.storyboard;
			sourceTree = "<group>";
		};
/* End PBXVariantGroup section */

/* Begin XCBuildConfiguration section */
		5D4D9B73204B15E600F869F1 /* Debug */ = {
			isa = XCBuildConfiguration;
			buildSettings = {
				ALWAYS_SEARCH_USER_PATHS = NO;
				CLANG_ANALYZER_NONNULL = YES;
				CLANG_ANALYZER_NUMBER_OBJECT_CONVERSION = YES_AGGRESSIVE;
				CLANG_CXX_LANGUAGE_STANDARD = "gnu++14";
				CLANG_CXX_LIBRARY = "libc++";
				CLANG_ENABLE_MODULES = YES;
				CLANG_ENABLE_OBJC_ARC = YES;
				CLANG_WARN_BLOCK_CAPTURE_AUTORELEASING = YES;
				CLANG_WARN_BOOL_CONVERSION = YES;
				CLANG_WARN_COMMA = YES;
				CLANG_WARN_CONSTANT_CONVERSION = YES;
				CLANG_WARN_DIRECT_OBJC_ISA_USAGE = YES_ERROR;
				CLANG_WARN_DOCUMENTATION_COMMENTS = YES;
				CLANG_WARN_EMPTY_BODY = YES;
				CLANG_WARN_ENUM_CONVERSION = YES;
				CLANG_WARN_INFINITE_RECURSION = YES;
				CLANG_WARN_INT_CONVERSION = YES;
				CLANG_WARN_NON_LITERAL_NULL_CONVERSION = YES;
				CLANG_WARN_OBJC_LITERAL_CONVERSION = YES;
				CLANG_WARN_OBJC_ROOT_CLASS = YES_ERROR;
				CLANG_WARN_RANGE_LOOP_ANALYSIS = YES;
				CLANG_WARN_STRICT_PROTOTYPES = YES;
				CLANG_WARN_SUSPICIOUS_MOVE = YES;
				CLANG_WARN_UNGUARDED_AVAILABILITY = YES_AGGRESSIVE;
				CLANG_WARN_UNREACHABLE_CODE = YES;
				CLANG_WARN__DUPLICATE_METHOD_MATCH = YES;
				CODE_SIGN_IDENTITY = "iPhone Developer";
				COPY_PHASE_STRIP = NO;
				DEBUG_INFORMATION_FORMAT = dwarf;
				ENABLE_STRICT_OBJC_MSGSEND = YES;
				ENABLE_TESTABILITY = YES;
				GCC_C_LANGUAGE_STANDARD = gnu11;
				GCC_DYNAMIC_NO_PIC = NO;
				GCC_NO_COMMON_BLOCKS = YES;
				GCC_OPTIMIZATION_LEVEL = 0;
				GCC_PREPROCESSOR_DEFINITIONS = (
					"DEBUG=1",
					"$(inherited)",
				);
				GCC_WARN_64_TO_32_BIT_CONVERSION = YES;
				GCC_WARN_ABOUT_RETURN_TYPE = YES_ERROR;
				GCC_WARN_UNDECLARED_SELECTOR = YES;
				GCC_WARN_UNINITIALIZED_AUTOS = YES_AGGRESSIVE;
				GCC_WARN_UNUSED_FUNCTION = YES;
				GCC_WARN_UNUSED_VARIABLE = YES;
				IPHONEOS_DEPLOYMENT_TARGET = 11.2;
				MTL_ENABLE_DEBUG_INFO = YES;
				ONLY_ACTIVE_ARCH = YES;
				SDKROOT = iphoneos;
				SWIFT_ACTIVE_COMPILATION_CONDITIONS = DEBUG;
				SWIFT_OPTIMIZATION_LEVEL = "-Onone";
			};
			name = Debug;
		};
		5D4D9B74204B15E600F869F1 /* Release */ = {
			isa = XCBuildConfiguration;
			buildSettings = {
				ALWAYS_SEARCH_USER_PATHS = NO;
				CLANG_ANALYZER_NONNULL = YES;
				CLANG_ANALYZER_NUMBER_OBJECT_CONVERSION = YES_AGGRESSIVE;
				CLANG_CXX_LANGUAGE_STANDARD = "gnu++14";
				CLANG_CXX_LIBRARY = "libc++";
				CLANG_ENABLE_MODULES = YES;
				CLANG_ENABLE_OBJC_ARC = YES;
				CLANG_WARN_BLOCK_CAPTURE_AUTORELEASING = YES;
				CLANG_WARN_BOOL_CONVERSION = YES;
				CLANG_WARN_COMMA = YES;
				CLANG_WARN_CONSTANT_CONVERSION = YES;
				CLANG_WARN_DIRECT_OBJC_ISA_USAGE = YES_ERROR;
				CLANG_WARN_DOCUMENTATION_COMMENTS = YES;
				CLANG_WARN_EMPTY_BODY = YES;
				CLANG_WARN_ENUM_CONVERSION = YES;
				CLANG_WARN_INFINITE_RECURSION = YES;
				CLANG_WARN_INT_CONVERSION = YES;
				CLANG_WARN_NON_LITERAL_NULL_CONVERSION = YES;
				CLANG_WARN_OBJC_LITERAL_CONVERSION = YES;
				CLANG_WARN_OBJC_ROOT_CLASS = YES_ERROR;
				CLANG_WARN_RANGE_LOOP_ANALYSIS = YES;
				CLANG_WARN_STRICT_PROTOTYPES = YES;
				CLANG_WARN_SUSPICIOUS_MOVE = YES;
				CLANG_WARN_UNGUARDED_AVAILABILITY = YES_AGGRESSIVE;
				CLANG_WARN_UNREACHABLE_CODE = YES;
				CLANG_WARN__DUPLICATE_METHOD_MATCH = YES;
				CODE_SIGN_IDENTITY = "iPhone Developer";
				COPY_PHASE_STRIP = NO;
				DEBUG_INFORMATION_FORMAT = "dwarf-with-dsym";
				ENABLE_NS_ASSERTIONS = NO;
				ENABLE_STRICT_OBJC_MSGSEND = YES;
				GCC_C_LANGUAGE_STANDARD = gnu11;
				GCC_NO_COMMON_BLOCKS = YES;
				GCC_WARN_64_TO_32_BIT_CONVERSION = YES;
				GCC_WARN_ABOUT_RETURN_TYPE = YES_ERROR;
				GCC_WARN_UNDECLARED_SELECTOR = YES;
				GCC_WARN_UNINITIALIZED_AUTOS = YES_AGGRESSIVE;
				GCC_WARN_UNUSED_FUNCTION = YES;
				GCC_WARN_UNUSED_VARIABLE = YES;
				IPHONEOS_DEPLOYMENT_TARGET = 11.2;
				MTL_ENABLE_DEBUG_INFO = NO;
				SDKROOT = iphoneos;
				SWIFT_OPTIMIZATION_LEVEL = "-Owholemodule";
				VALIDATE_PRODUCT = YES;
			};
			name = Release;
		};
		5D4D9B76204B15E600F869F1 /* Debug */ = {
			isa = XCBuildConfiguration;
			buildSettings = {
				ASSETCATALOG_COMPILER_APPICON_NAME = AppIcon;
				CODE_SIGN_STYLE = Automatic;
				INFOPLIST_FILE = TanuGotchi/Info.plist;
				LD_RUNPATH_SEARCH_PATHS = "$(inherited) @executable_path/Frameworks";
				PRODUCT_BUNDLE_IDENTIFIER = kalregi.TanuGotchi;
				PRODUCT_NAME = "$(TARGET_NAME)";
				SWIFT_VERSION = 4.0;
				TARGETED_DEVICE_FAMILY = "1,2";
			};
			name = Debug;
		};
		5D4D9B77204B15E600F869F1 /* Release */ = {
			isa = XCBuildConfiguration;
			buildSettings = {
				ASSETCATALOG_COMPILER_APPICON_NAME = AppIcon;
				CODE_SIGN_STYLE = Automatic;
				INFOPLIST_FILE = TanuGotchi/Info.plist;
				LD_RUNPATH_SEARCH_PATHS = "$(inherited) @executable_path/Frameworks";
				PRODUCT_BUNDLE_IDENTIFIER = kalregi.TanuGotchi;
				PRODUCT_NAME = "$(TARGET_NAME)";
				SWIFT_VERSION = 4.0;
				TARGETED_DEVICE_FAMILY = "1,2";
			};
			name = Release;
		};
/* End XCBuildConfiguration section */

/* Begin XCConfigurationList section */
		5D4D9B5E204B15E600F869F1 /* Build configuration list for PBXProject "TanuGotchi" */ = {
			isa = XCConfigurationList;
			buildConfigurations = (
				5D4D9B73204B15E600F869F1 /* Debug */,
				5D4D9B74204B15E600F869F1 /* Release */,
			);
			defaultConfigurationIsVisible = 0;
			defaultConfigurationName = Release;
		};
		5D4D9B75204B15E600F869F1 /* Build configuration list for PBXNativeTarget "TanuGotchi" */ = {
			isa = XCConfigurationList;
			buildConfigurations = (
				5D4D9B76204B15E600F869F1 /* Debug */,
				5D4D9B77204B15E600F869F1 /* Release */,
			);
			defaultConfigurationIsVisible = 0;
			defaultConfigurationName = Release;
		};
/* End XCConfigurationList section */
	};
	rootObject = 5D4D9B5B204B15E600F869F1 /* Project object */;
}
